{
  "name": "matheusmoreira.github.io",
  "lockfileVersion": 3,
  "requires": true,
  "packages": {
    "": {
      "dependencies": {
        "prettier": "^3.0.1",
        "pugneum": "^0.1.1"
      }
    },
    "node_modules/character-parser": {
      "version": "4.0.0",
      "resolved": "https://registry.npmjs.org/character-parser/-/character-parser-4.0.0.tgz",
      "integrity": "sha512-jWburCrDpd+aPopB7esjh/gLyZoHZS4C2xwwJlkTPyhhJdXG+FCG0P4qCOInvOd9yhiuAEJYlZsUMQ0JSK4ykw=="
    },
    "node_modules/prettier": {
      "version": "3.0.2",
      "resolved": "https://registry.npmjs.org/prettier/-/prettier-3.0.2.tgz",
      "integrity": "sha512-o2YR9qtniXvwEZlOKbveKfDQVyqxbEIWn48Z8m3ZJjBjcCmUy3xZGIv+7AkaeuaTr6yPXJjwv07ZWlsWbEy1rQ==",
      "bin": {
        "prettier": "bin/prettier.cjs"
      },
      "engines": {
        "node": ">=14"
      },
      "funding": {
        "url": "https://github.com/prettier/prettier?sponsor=1"
      }
    },
    "node_modules/pugneum": {
      "version": "0.1.1",
      "resolved": "https://registry.npmjs.org/pugneum/-/pugneum-0.1.1.tgz",
      "integrity": "sha512-6AAQXUnACqg4naQ3O72qYt4fZTuK5molBRnIMIx5Z+604yroS5N4S54U03gS/Z+/dU1al9J3DsxTfVhOHbjmkw==",
      "dependencies": {
        "pugneum-filters": "^0.1.0",
        "pugneum-lexer": "^0.1.0",
        "pugneum-linker": "^0.1.0",
        "pugneum-loader": "^0.1.0",
        "pugneum-parser": "^0.1.0",
        "pugneum-renderer": "^0.1.0"
      },
      "bin": {
        "pugneum": "cli.js"
      }
    },
    "node_modules/pugneum-error": {
      "version": "0.1.0",
      "resolved": "https://registry.npmjs.org/pugneum-error/-/pugneum-error-0.1.0.tgz",
      "integrity": "sha512-kZKmdl8dafz7M/CSM0C7ctMdEJo3/ChguSiegiszG8KjHZJfn0p7J/y4zgcWcm2Q582m1Du4kn7cwvEMhjwb8A=="
    },
    "node_modules/pugneum-filters": {
      "version": "0.1.1",
      "resolved": "https://registry.npmjs.org/pugneum-filters/-/pugneum-filters-0.1.1.tgz",
      "integrity": "sha512-sDMnqhI2GNIq4UZq/1FbuN/aEJvbstddNZbY+qvUKmHQmolQAldWTrm2HgT1TQbYRqLIxfeAVJqaR4dbylgXOg==",
      "dependencies": {
        "pugneum-error": "^0.1.0",
        "pugneum-walk": "^0.1.0"
      }
    },
    "node_modules/pugneum-lexer": {
      "version": "0.1.0",
      "resolved": "https://registry.npmjs.org/pugneum-lexer/-/pugneum-lexer-0.1.0.tgz",
      "integrity": "sha512-iVydp3r8fpeKnQfnTy9/L8rNFd6NTRcTVsVKzQYKF08uMNDsaRDdwMjYy9IjJM6kHio+t4sP+b+YSMksgA2d+w==",
      "dependencies": {
        "character-parser": "^4.0.0",
        "pugneum-error": "^0.1.0"
      }
    },
    "node_modules/pugneum-linker": {
      "version": "0.1.1",
      "resolved": "https://registry.npmjs.org/pugneum-linker/-/pugneum-linker-0.1.1.tgz",
      "integrity": "sha512-1eBZ/OcUKC6u0MgE7/QA0aM8TFKTgJ1zhHxl4d3Rtnq/xPlhi9RXQhl68YZmgtuO7BpiPLASODZ+wBUgDiKF4Q==",
      "dependencies": {
        "pugneum-error": "^0.1.0",
        "pugneum-walk": "^0.1.0"
      }
    },
    "node_modules/pugneum-loader": {
      "version": "0.1.0",
      "resolved": "https://registry.npmjs.org/pugneum-loader/-/pugneum-loader-0.1.0.tgz",
      "integrity": "sha512-aRagbBlG3MSjZyyVLVrMVgjq4R4hcHwN+7oTjDOAC6245GzUW78sil9Qeqv1TZcE6RMD7W6zLO+DBfupcpbi8w==",
      "dependencies": {
        "pugneum-walk": "^0.1.0"
      }
    },
    "node_modules/pugneum-parser": {
      "version": "0.1.0",
      "resolved": "https://registry.npmjs.org/pugneum-parser/-/pugneum-parser-0.1.0.tgz",
      "integrity": "sha512-lhw1VgQR3BxVc93eOgXwUmaU34d1FTB/NlcXMUSDE7V2LM0GBRxeyFgHcIGHMaND6M3NF+g8pu9U9Q9/8cA9iw==",
      "dependencies": {
        "pugneum-error": "^0.1.0",
        "token-stream": "1.0.0"
      }
    },
    "node_modules/pugneum-renderer": {
      "version": "0.1.0",
      "resolved": "https://registry.npmjs.org/pugneum-renderer/-/pugneum-renderer-0.1.0.tgz",
      "integrity": "sha512-LtMDyGwT2mOftryJshnkfSoOmgeUZBwID4dukPZJZe+ZiWPcnY4H09FAXvtEPwSQcOJ1EdsM8EKyvp13hKaYVQ==",
      "dependencies": {
        "pugneum-error": "^0.1.0"
      }
    },
    "node_modules/pugneum-walk": {
      "version": "0.1.0",
      "resolved": "https://registry.npmjs.org/pugneum-walk/-/pugneum-walk-0.1.0.tgz",
      "integrity": "sha512-f7PI5slJbadNw8HoyPCtHn64EiwJnXRKTv+OAl3MDjJCclUXm6/XKIoWynV/fXt4Q6bpUGVmbflZII63xziYfQ=="
    },
    "node_modules/token-stream": {
      "version": "1.0.0",
      "resolved": "https://registry.npmjs.org/token-stream/-/token-stream-1.0.0.tgz",
      "integrity": "sha512-VSsyNPPW74RpHwR8Fc21uubwHY7wMDeJLys2IX5zJNih+OnAnaifKHo+1LHT7DAdloQ7apeaaWg8l7qnf/TnEg=="
    }
  }
}
