{
  "name": "matheusmoreira.com",
  "lockfileVersion": 3,
  "requires": true,
  "packages": {
    "": {
      "name": "matheusmoreira.com",
      "dependencies": {
        "prettier": "^3.9.6",
        "pugneum": "2.0.0",
        "pugneum-feed": "1.0.3",
        "pugneum-filter-prismjs": "1.1.1",
        "pugneum-mixins": "2.0.0"
      }
    },
    "node_modules/dom-serializer": {
      "version": "2.0.0",
      "resolved": "https://registry.npmjs.org/dom-serializer/-/dom-serializer-2.0.0.tgz",
      "integrity": "sha512-wIkAryiqt/nV5EQKqQpo3SToSOV9J0DnbJqwK7Wv/Trc92zIAYZ4FlMu+JPFW1DfGFt81ZTCGgDEabffXeLyJg==",
      "license": "MIT",
      "dependencies": {
        "domelementtype": "^2.3.0",
        "domhandler": "^5.0.2",
        "entities": "^4.2.0"
      },
      "funding": {
        "url": "https://github.com/cheeriojs/dom-serializer?sponsor=1"
      }
    },
    "node_modules/domelementtype": {
      "version": "2.3.0",
      "resolved": "https://registry.npmjs.org/domelementtype/-/domelementtype-2.3.0.tgz",
      "integrity": "sha512-OLETBj6w0OsagBwdXnPdN0cnMfF9opN69co+7ZrbfPGrdpPVNBUj02spi6B1N7wChLQiPn4CSH/zJvXw56gmHw==",
      "funding": [
        {
          "type": "github",
          "url": "https://github.com/sponsors/fb55"
        }
      ],
      "license": "BSD-2-Clause"
    },
    "node_modules/domhandler": {
      "version": "5.0.3",
      "resolved": "https://registry.npmjs.org/domhandler/-/domhandler-5.0.3.tgz",
      "integrity": "sha512-cgwlv/1iFQiFnU96XXgROh8xTeetsnJiDsTc7TYCLFd9+/WNkIqPTxiM/8pSd8VIrhXGTf1Ny1q1hquVqDJB5w==",
      "license": "BSD-2-Clause",
      "dependencies": {
        "domelementtype": "^2.3.0"
      },
      "engines": {
        "node": ">= 4"
      },
      "funding": {
        "url": "https://github.com/fb55/domhandler?sponsor=1"
      }
    },
    "node_modules/domutils": {
      "version": "3.2.2",
      "resolved": "https://registry.npmjs.org/domutils/-/domutils-3.2.2.tgz",
      "integrity": "sha512-6kZKyUajlDuqlHKVX1w7gyslj9MPIXzIFiz/rGu35uC1wMi+kMhQwGhl4lt9unC9Vb9INnY9Z3/ZA3+FhASLaw==",
      "license": "BSD-2-Clause",
      "dependencies": {
        "dom-serializer": "^2.0.0",
        "domelementtype": "^2.3.0",
        "domhandler": "^5.0.3"
      },
      "funding": {
        "url": "https://github.com/fb55/domutils?sponsor=1"
      }
    },
    "node_modules/entities": {
      "version": "4.5.0",
      "resolved": "https://registry.npmjs.org/entities/-/entities-4.5.0.tgz",
      "integrity": "sha512-V0hjH4dGPh9Ao5p0MoRY6BVqtwCjhz6vI5LT8AJ55H+4g9/4vbHx1I54fS0XuclLhDHArPQCiMjDxjaL8fPxhw==",
      "license": "BSD-2-Clause",
      "engines": {
        "node": ">=0.12"
      },
      "funding": {
        "url": "https://github.com/fb55/entities?sponsor=1"
      }
    },
    "node_modules/htmlparser2": {
      "version": "9.1.0",
      "resolved": "https://registry.npmjs.org/htmlparser2/-/htmlparser2-9.1.0.tgz",
      "integrity": "sha512-5zfg6mHUoaer/97TxnGpxmbR7zJtPwIYFMZ/H5ucTlPZhKvtum05yiPK3Mgai3a0DyVxv7qYqoweaEd2nrYQzQ==",
      "funding": [
        "https://github.com/fb55/htmlparser2?sponsor=1",
        {
          "type": "github",
          "url": "https://github.com/sponsors/fb55"
        }
      ],
      "license": "MIT",
      "dependencies": {
        "domelementtype": "^2.3.0",
        "domhandler": "^5.0.3",
        "domutils": "^3.1.0",
        "entities": "^4.5.0"
      }
    },
    "node_modules/prettier": {
      "version": "3.9.6",
      "resolved": "https://registry.npmjs.org/prettier/-/prettier-3.9.6.tgz",
      "integrity": "sha512-OpN0zzVdiaiAhxpuuj5efpIS4sY9j7bY6uR5mnj5yPzGkdkjNKSJeUThPb60Jw29QuAZgA4o+/iB49kFiaBX6g==",
      "license": "MIT",
      "bin": {
        "prettier": "bin/prettier.cjs"
      },
      "engines": {
        "node": ">=14"
      },
      "funding": {
        "url": "https://github.com/prettier/prettier?sponsor=1"
      }
    },
    "node_modules/prism-minmaxed": {
      "version": "1.0.0",
      "resolved": "https://registry.npmjs.org/prism-minmaxed/-/prism-minmaxed-1.0.0.tgz",
      "integrity": "sha512-yt+Na1vq/a3+/J5A3HTPb2db4MNclBWvhbzKgQv8wbK6GNhqthJY8Cu+FWvWONubHnPIdi9hx6XsXrcqO2NEVg==",
      "license": "MIT",
      "engines": {
        "node": ">=6"
      },
      "funding": {
        "url": "https://github.com/sponsors/matheusmoreira"
      }
    },
    "node_modules/pugneum": {
      "version": "2.0.0",
      "resolved": "https://registry.npmjs.org/pugneum/-/pugneum-2.0.0.tgz",
      "integrity": "sha512-K9BX5VaHN9Whc2STTfYRnv6XBwrxo8rHgHu/W4LTn0OK+Et8ibZRatb8bECjNHM98kAvQErj6fLLbLcVfRtPBg==",
      "license": "MIT",
      "dependencies": {
        "pugneum-error": "^2.0.0",
        "pugneum-filesystem": "^1.0.0",
        "pugneum-filterer": "^1.2.0",
        "pugneum-lexer": "^1.2.1",
        "pugneum-linker": "^1.2.0",
        "pugneum-loader": "^2.0.0",
        "pugneum-parser": "^1.1.1",
        "pugneum-renderer": "^1.1.1"
      },
      "bin": {
        "pugneum": "cli.js"
      },
      "engines": {
        "node": ">=22"
      },
      "funding": {
        "url": "https://github.com/sponsors/matheusmoreira"
      },
      "peerDependencies": {
        "pugneum-feed": "^1.0.0"
      },
      "peerDependenciesMeta": {
        "pugneum-feed": {
          "optional": true
        }
      }
    },
    "node_modules/pugneum-error": {
      "version": "2.0.0",
      "resolved": "https://registry.npmjs.org/pugneum-error/-/pugneum-error-2.0.0.tgz",
      "integrity": "sha512-hnbpJl1drO586MGbQYvx+Xx7nwluUOdBIouCDiwi9G4B49AI4JwKhpR1DZV78pu/yPA0jEF5wT6Oi4qpxRp6BA==",
      "license": "MIT",
      "engines": {
        "node": ">=22"
      },
      "funding": {
        "url": "https://github.com/sponsors/matheusmoreira"
      }
    },
    "node_modules/pugneum-feed": {
      "version": "1.0.3",
      "resolved": "https://registry.npmjs.org/pugneum-feed/-/pugneum-feed-1.0.3.tgz",
      "integrity": "sha512-kSi/SXR2X1wHMDayRt6q0f9lBLr0ECgzXslE+aydLIe5nGXZ7HQHdM7XSZpn91x+LAjrPKG/2h8mjoNHMLlJ2Q==",
      "license": "MIT",
      "dependencies": {
        "htmlparser2": "^9.0.0",
        "pugneum-error": "^2.0.0",
        "pugneum-filesystem": "^1.0.0"
      },
      "engines": {
        "node": ">=22"
      },
      "funding": {
        "url": "https://github.com/sponsors/matheusmoreira"
      }
    },
    "node_modules/pugneum-filesystem": {
      "version": "1.0.0",
      "resolved": "https://registry.npmjs.org/pugneum-filesystem/-/pugneum-filesystem-1.0.0.tgz",
      "integrity": "sha512-eBcTXj/HaHPIqcup8j0pkrsrKPcYqTpVP08mqwAHudp1s6FIKpHiHeartTnnRXdyZ4fZQugrRaXUk0z2HaKX6Q==",
      "license": "MIT",
      "engines": {
        "node": ">=22"
      },
      "funding": {
        "url": "https://github.com/sponsors/matheusmoreira"
      }
    },
    "node_modules/pugneum-filter-prismjs": {
      "version": "1.1.1",
      "resolved": "https://registry.npmjs.org/pugneum-filter-prismjs/-/pugneum-filter-prismjs-1.1.1.tgz",
      "integrity": "sha512-CiS3F3/O8TGbVk4olNN0vshm2oGuY0An5WvdA8+3h1MTsNI33LDNuAHcfo5k70A8Nf3dFw2vRa/pAR8Hj6B7yg==",
      "license": "MIT",
      "dependencies": {
        "prism-minmaxed": "^1.0.0",
        "pugneum-error": "^2.0.0"
      },
      "engines": {
        "node": ">=22"
      },
      "funding": {
        "url": "https://github.com/sponsors/matheusmoreira"
      },
      "peerDependencies": {
        "pugneum-filterer": "^1.2.0"
      }
    },
    "node_modules/pugneum-filterer": {
      "version": "1.2.0",
      "resolved": "https://registry.npmjs.org/pugneum-filterer/-/pugneum-filterer-1.2.0.tgz",
      "integrity": "sha512-kp70oPI/Fw0RTaiDZFmrwLDA3V1peI21xmuRAkCyhoMDZrFKQINO/5UvWBHVWia87Hur7GYvpcb51Xbm7WOfow==",
      "license": "MIT",
      "dependencies": {
        "pugneum-error": "^2.0.0",
        "pugneum-lexer": "^1.2.0",
        "pugneum-parser": "^1.1.0",
        "pugneum-renderer": "^1.1.0",
        "pugneum-walker": "^2.0.0"
      },
      "engines": {
        "node": ">=22"
      },
      "funding": {
        "url": "https://github.com/sponsors/matheusmoreira"
      }
    },
    "node_modules/pugneum-lexer": {
      "version": "1.2.1",
      "resolved": "https://registry.npmjs.org/pugneum-lexer/-/pugneum-lexer-1.2.1.tgz",
      "integrity": "sha512-kGQ98BIGEwVlSi20WweeiQghBrZiETJTgXVt8zT4bGsAqTAltcLdnJ6LMvfz1IhLV5G10V7NW3VG+8zQIKsCxQ==",
      "license": "MIT",
      "dependencies": {
        "pugneum-error": "^2.0.0"
      },
      "engines": {
        "node": ">=22"
      },
      "funding": {
        "url": "https://github.com/sponsors/matheusmoreira"
      }
    },
    "node_modules/pugneum-linker": {
      "version": "1.2.0",
      "resolved": "https://registry.npmjs.org/pugneum-linker/-/pugneum-linker-1.2.0.tgz",
      "integrity": "sha512-0Wr96bwn7GEMMEwTL9heVH88f6SG3r06go/HewyngZa+Z3zdlrmk1pnB6wiQ6ONfMQq4XpQQKzuPw6h0v9i7OA==",
      "license": "MIT",
      "dependencies": {
        "pugneum-error": "^2.0.0",
        "pugneum-walker": "^2.0.0"
      },
      "engines": {
        "node": ">=22"
      },
      "funding": {
        "url": "https://github.com/sponsors/matheusmoreira"
      }
    },
    "node_modules/pugneum-loader": {
      "version": "2.0.0",
      "resolved": "https://registry.npmjs.org/pugneum-loader/-/pugneum-loader-2.0.0.tgz",
      "integrity": "sha512-IX0QH9xjOqIAoT0wsWettBRB4I0MoPyUYZeYRn53N0lsrozTK+AJ7nbXVnSIz2C9jpoSC0YUXVnrDpT5PC6gNw==",
      "license": "MIT",
      "dependencies": {
        "pugneum-error": "^2.0.0",
        "pugneum-walker": "^2.0.0"
      },
      "engines": {
        "node": ">=22"
      },
      "funding": {
        "url": "https://github.com/sponsors/matheusmoreira"
      }
    },
    "node_modules/pugneum-mixins": {
      "version": "2.0.0",
      "resolved": "https://registry.npmjs.org/pugneum-mixins/-/pugneum-mixins-2.0.0.tgz",
      "integrity": "sha512-UffmMGIhhgPilWVr0PSEMYnityrUQu8R/RbVUQRy8HZQp//dUqjM4qJna5HrjHgZO3mPNpqmmcz53tFla1N8wQ==",
      "license": "MIT",
      "engines": {
        "node": ">=22"
      },
      "funding": {
        "url": "https://github.com/sponsors/matheusmoreira"
      },
      "peerDependencies": {
        "pugneum": "^2.0.0"
      }
    },
    "node_modules/pugneum-parser": {
      "version": "1.1.1",
      "resolved": "https://registry.npmjs.org/pugneum-parser/-/pugneum-parser-1.1.1.tgz",
      "integrity": "sha512-5LMH4X9emMRtXZLJodhYiqequeQBhKE4s+j5pj9sWG/e3PwNPAgCwzSEiu99vaZFTSsOq07kv5HUGCboKg+Uzg==",
      "license": "MIT",
      "dependencies": {
        "pugneum-error": "^2.0.0"
      },
      "engines": {
        "node": ">=22"
      },
      "funding": {
        "url": "https://github.com/sponsors/matheusmoreira"
      }
    },
    "node_modules/pugneum-renderer": {
      "version": "1.1.1",
      "resolved": "https://registry.npmjs.org/pugneum-renderer/-/pugneum-renderer-1.1.1.tgz",
      "integrity": "sha512-Q4CZheqhN6TIXLBMQEVd18zeBNrQZjUWLxtg1nSagaGaXl8Rk8UvFQsWgxV2yVQqE8RvBlPhWXawHdknyBkYaw==",
      "license": "MIT",
      "dependencies": {
        "pugneum-error": "^2.0.0",
        "pugneum-walker": "^2.0.0"
      },
      "engines": {
        "node": ">=22"
      },
      "funding": {
        "url": "https://github.com/sponsors/matheusmoreira"
      }
    },
    "node_modules/pugneum-walker": {
      "version": "2.0.0",
      "resolved": "https://registry.npmjs.org/pugneum-walker/-/pugneum-walker-2.0.0.tgz",
      "integrity": "sha512-dHWVvsfbtfNTl9lfOufJlCX2AIH3Q+KR5EScYB1uUJUJg9U7DWmnrfm678mdN6X4SLTdTOsQ9o55QsFadpXCsg==",
      "license": "MIT",
      "engines": {
        "node": ">=22"
      },
      "funding": {
        "url": "https://github.com/sponsors/matheusmoreira"
      }
    }
  }
}
