{
  "name": "matheusmoreira.com",
  "lockfileVersion": 3,
  "requires": true,
  "packages": {
    "": {
      "dependencies": {
        "prettier": "^3.0.3",
        "pugneum": "1.0.0",
        "pugneum-filter-prismjs": "1.0.0"
      }
    },
    "node_modules/prettier": {
      "version": "3.8.2",
      "resolved": "https://registry.npmjs.org/prettier/-/prettier-3.8.2.tgz",
      "integrity": "sha512-8c3mgTe0ASwWAJK+78dpviD+A8EqhndQPUBpNUIPt6+xWlIigCwfN01lWr9MAede4uqXGTEKeQWTvzb3vjia0Q==",
      "license": "MIT",
      "bin": {
        "prettier": "bin/prettier.cjs"
      },
      "engines": {
        "node": ">=14"
      },
      "funding": {
        "url": "https://github.com/prettier/prettier?sponsor=1"
      }
    },
    "node_modules/prism-minmaxed": {
      "version": "1.0.0",
      "resolved": "https://registry.npmjs.org/prism-minmaxed/-/prism-minmaxed-1.0.0.tgz",
      "integrity": "sha512-yt+Na1vq/a3+/J5A3HTPb2db4MNclBWvhbzKgQv8wbK6GNhqthJY8Cu+FWvWONubHnPIdi9hx6XsXrcqO2NEVg==",
      "license": "MIT",
      "engines": {
        "node": ">=6"
      },
      "funding": {
        "url": "https://github.com/sponsors/matheusmoreira"
      }
    },
    "node_modules/pugneum": {
      "version": "1.0.0",
      "resolved": "https://registry.npmjs.org/pugneum/-/pugneum-1.0.0.tgz",
      "integrity": "sha512-Om0XyCWmswUB/+rFo/ixJc2+Pv5inf+MoZyvruvolJ9PBbfI5nJ+h0c0eZZqYHx7gioLrKHU2KOyA01U5wmI3g==",
      "license": "MIT",
      "dependencies": {
        "pugneum-filterer": "^1.0.0",
        "pugneum-lexer": "^1.0.0",
        "pugneum-linker": "^1.0.0",
        "pugneum-loader": "^1.0.0",
        "pugneum-parser": "^1.0.0",
        "pugneum-renderer": "^1.0.0"
      },
      "bin": {
        "pugneum": "cli.js"
      },
      "engines": {
        "node": ">=18"
      },
      "funding": {
        "url": "https://github.com/sponsors/matheusmoreira"
      }
    },
    "node_modules/pugneum-error": {
      "version": "1.0.0",
      "resolved": "https://registry.npmjs.org/pugneum-error/-/pugneum-error-1.0.0.tgz",
      "integrity": "sha512-JlC3MvpTJjmJ2RsC+HMAxMe8rPO3PfFeKdm+EJ/nU9QlZ65OpdqA9Jdk1ZrTl8GYYJcmX6ZZGRe2suMo480lDA==",
      "license": "MIT",
      "funding": {
        "url": "https://github.com/sponsors/matheusmoreira"
      }
    },
    "node_modules/pugneum-filter-prismjs": {
      "version": "1.0.0",
      "resolved": "https://registry.npmjs.org/pugneum-filter-prismjs/-/pugneum-filter-prismjs-1.0.0.tgz",
      "integrity": "sha512-oXxR3n15KkEzWmzKBtyK5ok7MFn8gpDqmDX61d5Tl7lTeh+3vErZm3SJdwNNR36jVpyl6hUFVsGnKA3s5IyexQ==",
      "license": "MIT",
      "dependencies": {
        "prism-minmaxed": "^1.0.0"
      },
      "funding": {
        "url": "https://github.com/sponsors/matheusmoreira"
      },
      "peerDependencies": {
        "pugneum-filterer": "^1.0.0"
      }
    },
    "node_modules/pugneum-filterer": {
      "version": "1.0.0",
      "resolved": "https://registry.npmjs.org/pugneum-filterer/-/pugneum-filterer-1.0.0.tgz",
      "integrity": "sha512-Ps3qyCYQHEfMnxC1Lnu6ySof+Py7p5TSReEKbb9JwNBzd2lCvoqYqG+oQnrBdInm3Ead1jXACuPFTPco/e+Jgw==",
      "license": "MIT",
      "dependencies": {
        "pugneum-error": "^1.0.0",
        "pugneum-walker": "^1.0.0"
      },
      "funding": {
        "url": "https://github.com/sponsors/matheusmoreira"
      }
    },
    "node_modules/pugneum-lexer": {
      "version": "1.0.0",
      "resolved": "https://registry.npmjs.org/pugneum-lexer/-/pugneum-lexer-1.0.0.tgz",
      "integrity": "sha512-7ypnjZJ+/gH87MnKYix3BBY/dPelI2fEIGQfN5h3qdoPQ4keMUgKZvNXaBLcNWEUhszIdWEo5IOtbF/rNuWH5A==",
      "license": "MIT",
      "dependencies": {
        "pugneum-error": "^1.0.0"
      },
      "funding": {
        "url": "https://github.com/sponsors/matheusmoreira"
      }
    },
    "node_modules/pugneum-linker": {
      "version": "1.0.0",
      "resolved": "https://registry.npmjs.org/pugneum-linker/-/pugneum-linker-1.0.0.tgz",
      "integrity": "sha512-MklnIhyXdoXYgqBL8nEJJ2m0/edkS0IbIwy4WHWKm1XCtcv8PmhiEya76/etgD1WT/ILhBwm0SfviRfdDHnQ6g==",
      "license": "MIT",
      "dependencies": {
        "pugneum-error": "^1.0.0",
        "pugneum-walker": "^1.0.0"
      },
      "funding": {
        "url": "https://github.com/sponsors/matheusmoreira"
      }
    },
    "node_modules/pugneum-loader": {
      "version": "1.0.0",
      "resolved": "https://registry.npmjs.org/pugneum-loader/-/pugneum-loader-1.0.0.tgz",
      "integrity": "sha512-BWdmmEx4Se14Z4Ogjhe2shJd93eUFM3d1SNDnnn9pKR11FSzwwBlD1VYT+hPK16XhnpCUkR7Ty4Sh/x2QPum2Q==",
      "license": "MIT",
      "dependencies": {
        "pugneum-walker": "^1.0.0"
      },
      "funding": {
        "url": "https://github.com/sponsors/matheusmoreira"
      }
    },
    "node_modules/pugneum-parser": {
      "version": "1.0.0",
      "resolved": "https://registry.npmjs.org/pugneum-parser/-/pugneum-parser-1.0.0.tgz",
      "integrity": "sha512-mQqlk3ia0hQGsWoFIhF1SUF1W1J7L5GfrtIk81HXBlzVH2vspKpz/N86GKW195aLpE6ctmrBdBn5UGnHTZ4vGQ==",
      "license": "MIT",
      "dependencies": {
        "pugneum-error": "^1.0.0"
      },
      "funding": {
        "url": "https://github.com/sponsors/matheusmoreira"
      }
    },
    "node_modules/pugneum-renderer": {
      "version": "1.0.0",
      "resolved": "https://registry.npmjs.org/pugneum-renderer/-/pugneum-renderer-1.0.0.tgz",
      "integrity": "sha512-8laYII8MR2j/l9tjgcGSYgEyYvVuvgyCVb8YE4/AcLJdTTXF1wWH02zbxJ4eE1L4iwjFFssQ1hBEt3cdOumI3w==",
      "license": "MIT",
      "dependencies": {
        "pugneum-error": "^1.0.0"
      },
      "funding": {
        "url": "https://github.com/sponsors/matheusmoreira"
      }
    },
    "node_modules/pugneum-walker": {
      "version": "1.0.0",
      "resolved": "https://registry.npmjs.org/pugneum-walker/-/pugneum-walker-1.0.0.tgz",
      "integrity": "sha512-xovU/CegQXcJT+endhC0Lz2uIRWoobh8qX7ofjYrFPqjxtics5efOxHd/WNKZ5ZKBsUe6xmt3bDy3lzc2m0Htg==",
      "license": "MIT",
      "funding": {
        "url": "https://github.com/sponsors/matheusmoreira"
      }
    }
  }
}
